
Microsoft Visual Studio Solution File, Format Version 12.00
# Visual Studio 15
VisualStudioVersion = 15.0.27130.2024
MinimumVisualStudioVersion = 10.0.40219.1
Project("{FAE04EC0-301F-11D3-BF4B-00C04F79EFBC}") = "LedisServer", "LedisServer\LedisServer.csproj", "{A6AB0C1C-4AFB-48B8-A656-E6B3E854BEC4}"
EndProject
Project("{FAE04EC0-301F-11D3-BF4B-00C04F79EFBC}") = "LedisLibrary", "LedisLibrary\LedisLibrary.csproj", "{99AE5115-8B9B-4A92-B048-E6CAC611E569}"
EndProject
Global
	GlobalSection(SolutionConfigurationPlatforms) = preSolution
		Debug|Any CPU = Debug|Any CPU
		Release|Any CPU = Release|Any CPU
	EndGlobalSection
	GlobalSection(ProjectConfigurationPlatforms) = postSolution
		{A6AB0C1C-4AFB-48B8-A656-E6B3E854BEC4}.Debug|Any CPU.ActiveCfg = Debug|Any CPU
		{A6AB0C1C-4AFB-48B8-A656-E6B3E854BEC4}.Debug|Any CPU.Build.0 = Debug|Any CPU
		{A6AB0C1C-4AFB-48B8-A656-E6B3E854BEC4}.Release|Any CPU.ActiveCfg = Release|Any CPU
		{A6AB0C1C-4AFB-48B8-A656-E6B3E854BEC4}.Release|Any CPU.Build.0 = Release|Any CPU
		{99AE5115-8B9B-4A92-B048-E6CAC611E569}.Debug|Any CPU.ActiveCfg = Debug|Any CPU
		{99AE5115-8B9B-4A92-B048-E6CAC611E569}.Debug|Any CPU.Build.0 = Debug|Any CPU
		{99AE5115-8B9B-4A92-B048-E6CAC611E569}.Release|Any CPU.ActiveCfg = Release|Any CPU
		{99AE5115-8B9B-4A92-B048-E6CAC611E569}.Release|Any CPU.Build.0 = Release|Any CPU
	EndGlobalSection
	GlobalSection(SolutionProperties) = preSolution
		HideSolutionNode = FALSE
	EndGlobalSection
	GlobalSection(ExtensibilityGlobals) = postSolution
		SolutionGuid = {4B4A12DA-91FA-4C4B-932A-B6B0AE8AEFA8}
	EndGlobalSection
EndGlobal
